{
    "name": "treeindex",
    "version": "0.1.0",
    "lockfileVersion": 3,
    "requires": true,
    "packages": {
        "": {
            "name": "treeindex",
            "version": "0.1.0",
            "license": "MIT",
            "dependencies": {
                "openai": "^6.34.0",
                "treeindex": "file:treeindex-0.1.0.tgz"
            }
        },
        "node_modules/openai": {
            "version": "6.34.0",
            "resolved": "https://registry.npmjs.org/openai/-/openai-6.34.0.tgz",
            "integrity": "sha512-yEr2jdGf4tVFYG6ohmr3pF6VJuveP0EA/sS8TBx+4Eq5NT10alu5zg2dmxMXMgqpihRDQlFGpRt2XwsGj+Fyxw==",
            "license": "Apache-2.0",
            "bin": {
                "openai": "bin/cli"
            },
            "peerDependencies": {
                "ws": "^8.18.0",
                "zod": "^3.25 || ^4.0"
            },
            "peerDependenciesMeta": {
                "ws": {
                    "optional": true
                },
                "zod": {
                    "optional": true
                }
            }
        },
        "node_modules/treeindex": {
            "version": "0.1.0",
            "resolved": "file:treeindex-0.1.0.tgz",
            "integrity": "sha512-Q48xeDrxwRqcG2+KofyrNV4QLvVGA0Eb85dcIA672fl0aFiacmVs77eY9fb0o5gD9zSq/i58bgcQiRS4z5Eayg==",
            "license": "MIT",
            "dependencies": {
                "openai": "^6.34.0"
            }
        }
    }
}
